# This file was autogenerated by Stack.
# You should not edit this file by hand.
# For more information, please see the documentation at:
#   https://docs.haskellstack.org/en/stable/lock_files

packages:
- completed:
    hackage: base64-bytestring-1.0.0.3@sha256:6c82d900465345e30ff0eeb9a1374fbd2955c8e5ca6206e03669f04575830f88,2242
    pantry-tree:
      size: 848
      sha256: 580b3808ee3ee06468d56808639a6b46615ff385c64d977423817434d17a9888
  original:
    hackage: base64-bytestring-1.0.0.3@sha256:6c82d900465345e30ff0eeb9a1374fbd2955c8e5ca6206e03669f04575830f88,2242
- completed:
    hackage: servant-client-0.18@sha256:3e3b8d145cf811e19849744ad305aa0bd42301d01ff75e1dac169bc9f5d18221,4589
    pantry-tree:
      size: 1299
      sha256: 445c610d83a6e356ed2a7808af8deac84708be3e44d38cbf76e60fd6105f9715
  original:
    hackage: servant-client-0.18@sha256:3e3b8d145cf811e19849744ad305aa0bd42301d01ff75e1dac169bc9f5d18221,4589
- completed:
    hackage: servant-client-core-0.18@sha256:6702f04f3e5ac47abace5b26ab1948480437334747895407f0697502a403b96a,3593
    pantry-tree:
      size: 1444
      sha256: 20f538ae12091696073a2ac5f3301a4a56686f5e2889b2a9e539c0d61a332cd1
  original:
    hackage: servant-client-core-0.18@sha256:6702f04f3e5ac47abace5b26ab1948480437334747895407f0697502a403b96a,3593
- completed:
    hackage: unagi-chan-0.4.1.3@sha256:4283bb02bc5ee56203671756d92b24112eb6159f2b2840a10a539b4651d5f12e,8719
    pantry-tree:
      size: 2286
      sha256: d4d8d0f9108246f1dfd415ee4bca596493067b4935a9c9933f98bf8e6821e605
  original:
    hackage: unagi-chan-0.4.1.3
snapshots:
- completed:
    size: 554192
    url: https://raw.githubusercontent.com/commercialhaskell/stackage-snapshots/master/nightly/2020/11/22.yaml
    sha256: fd51ee29ff5c7fa83060a2189570e078e59ddaefd4a44f3cf23667b8b903e780
  original: nightly-2020-11-22
