# This file was autogenerated by Stack.
# You should not edit this file by hand.
# For more information, please see the documentation at:
#   https://docs.haskellstack.org/en/stable/lock_files

packages:
- completed:
    hackage: unagi-chan-0.4.1.3@sha256:4283bb02bc5ee56203671756d92b24112eb6159f2b2840a10a539b4651d5f12e,8719
    pantry-tree:
      sha256: d4d8d0f9108246f1dfd415ee4bca596493067b4935a9c9933f98bf8e6821e605
      size: 2286
  original:
    hackage: unagi-chan-0.4.1.3
- completed:
    hackage: unagi-streams-0.2.7@sha256:4aa0290e5e92145686ba54ab5a53972c0f9fd22b9e06492d769ae61c8423aa22,1142
    pantry-tree:
      sha256: fe3eb224bf3771c039081e6097e9199095354be78770ab1215688f9316f692d6
      size: 329
  original:
    hackage: unagi-streams-0.2.7
snapshots:
- completed:
    sha256: 3770dfd79f5aed67acdcc65c4e7730adddffe6dba79ea723cfb0918356fc0f94
    size: 648660
    url: https://raw.githubusercontent.com/commercialhaskell/stackage-snapshots/master/lts/20/4.yaml
  original: lts-20.4
